{
    "name": "solidjskills-root",
    "version": "1.2.6.3",
    "lockfileVersion": 3,
    "requires": true,
    "packages": {
        "": {
            "name": "solidjskills-root",
            "version": "1.2.6.3",
            "devDependencies": {},
            "engines": {
                "node": ">=24"
            }
        }
    }
}
